
Microsoft Visual Studio Solution File, Format Version 12.00
# Visual Studio Version 17
VisualStudioVersion = 17.3.32929.385
MinimumVisualStudioVersion = 10.0.40219.1
Project("{9A19103F-16F7-4668-BE54-9A1E7A4F7556}") = "DataAccsess", "Data acsess\DataAccsess.csproj", "{EA5CBF49-90FD-4C34-AEDB-4CC6848BE044}"
EndProject
Project("{2150E333-8FDC-42A3-9474-1A3956D46DE8}") = "Models", "Models", "{07EC6C67-35AE-44E5-B9E9-59B203FF7EA8}"
	ProjectSection(SolutionItems) = preProject
		Animals.cs = Animals.cs
		AnimalType.cs = AnimalType.cs
	EndProjectSection
EndProject
Project("{FAE04EC0-301F-11D3-BF4B-00C04F79EFBC}") = "Animals", "Animals\Animals.csproj", "{7B3E1B5A-4D40-4E71-8000-2C299A6CC4C3}"
EndProject
Project("{2150E333-8FDC-42A3-9474-1A3956D46DE8}") = "Solution Items", "Solution Items", "{E1E1A55B-980A-4726-B4DD-D07C1C60C5BA}"
	ProjectSection(SolutionItems) = preProject
		.gitignore = .gitignore
	EndProjectSection
EndProject
Global
	GlobalSection(SolutionConfigurationPlatforms) = preSolution
		Debug|Any CPU = Debug|Any CPU
		Release|Any CPU = Release|Any CPU
	EndGlobalSection
	GlobalSection(ProjectConfigurationPlatforms) = postSolution
		{EA5CBF49-90FD-4C34-AEDB-4CC6848BE044}.Debug|Any CPU.ActiveCfg = Debug|Any CPU
		{EA5CBF49-90FD-4C34-AEDB-4CC6848BE044}.Debug|Any CPU.Build.0 = Debug|Any CPU
		{EA5CBF49-90FD-4C34-AEDB-4CC6848BE044}.Release|Any CPU.ActiveCfg = Release|Any CPU
		{EA5CBF49-90FD-4C34-AEDB-4CC6848BE044}.Release|Any CPU.Build.0 = Release|Any CPU
		{7B3E1B5A-4D40-4E71-8000-2C299A6CC4C3}.Debug|Any CPU.ActiveCfg = Debug|Any CPU
		{7B3E1B5A-4D40-4E71-8000-2C299A6CC4C3}.Debug|Any CPU.Build.0 = Debug|Any CPU
		{7B3E1B5A-4D40-4E71-8000-2C299A6CC4C3}.Release|Any CPU.ActiveCfg = Release|Any CPU
		{7B3E1B5A-4D40-4E71-8000-2C299A6CC4C3}.Release|Any CPU.Build.0 = Release|Any CPU
	EndGlobalSection
	GlobalSection(SolutionProperties) = preSolution
		HideSolutionNode = FALSE
	EndGlobalSection
	GlobalSection(ExtensibilityGlobals) = postSolution
		SolutionGuid = {AA6B558E-E56D-4303-B91F-8FD00D818E5C}
	EndGlobalSection
EndGlobal
